
Microsoft Visual Studio Solution File, Format Version 12.00
# Visual Studio Version 17
VisualStudioVersion = 17.6.33712.159
MinimumVisualStudioVersion = 10.0.40219.1
Project("{FAE04EC0-301F-11D3-BF4B-00C04F79EFBC}") = "temperature converter", "temperature converter.csproj", "{D34FE2AD-316F-4D1A-88BB-6BF8AE9F8847}"
EndProject
Global
	GlobalSection(SolutionConfigurationPlatforms) = preSolution
		Debug|Any CPU = Debug|Any CPU
		Release|Any CPU = Release|Any CPU
	EndGlobalSection
	GlobalSection(ProjectConfigurationPlatforms) = postSolution
		{D34FE2AD-316F-4D1A-88BB-6BF8AE9F8847}.Debug|Any CPU.ActiveCfg = Debug|Any CPU
		{D34FE2AD-316F-4D1A-88BB-6BF8AE9F8847}.Debug|Any CPU.Build.0 = Debug|Any CPU
		{D34FE2AD-316F-4D1A-88BB-6BF8AE9F8847}.Release|Any CPU.ActiveCfg = Release|Any CPU
		{D34FE2AD-316F-4D1A-88BB-6BF8AE9F8847}.Release|Any CPU.Build.0 = Release|Any CPU
	EndGlobalSection
	GlobalSection(SolutionProperties) = preSolution
		HideSolutionNode = FALSE
	EndGlobalSection
	GlobalSection(ExtensibilityGlobals) = postSolution
		SolutionGuid = {2C8A11FD-14E4-4F15-8C1E-A5D1F7C01910}
	EndGlobalSection
EndGlobal
